
Microsoft Visual Studio Solution File, Format Version 12.00
# Visual Studio 15
VisualStudioVersion = 15.0.26730.3
MinimumVisualStudioVersion = 10.0.40219.1
Project("{FAE04EC0-301F-11D3-BF4B-00C04F79EFBC}") = "ExpenseTrackerWeb", "ExpenseTrackerWeb\ExpenseTrackerWeb.csproj", "{75996CD7-26E7-4786-AF44-F78D98DAAC52}"
EndProject
Project("{E53339B2-1760-4266-BCC7-CA923CBCF16C}") = "docker-compose", "docker-compose.dcproj", "{EB2A06FA-A7EA-41F9-BE32-D1E4DC0F7698}"
EndProject
Global
	GlobalSection(SolutionConfigurationPlatforms) = preSolution
		Debug|Any CPU = Debug|Any CPU
		Release|Any CPU = Release|Any CPU
	EndGlobalSection
	GlobalSection(ProjectConfigurationPlatforms) = postSolution
		{75996CD7-26E7-4786-AF44-F78D98DAAC52}.Debug|Any CPU.ActiveCfg = Debug|Any CPU
		{75996CD7-26E7-4786-AF44-F78D98DAAC52}.Debug|Any CPU.Build.0 = Debug|Any CPU
		{75996CD7-26E7-4786-AF44-F78D98DAAC52}.Release|Any CPU.ActiveCfg = Release|Any CPU
		{75996CD7-26E7-4786-AF44-F78D98DAAC52}.Release|Any CPU.Build.0 = Release|Any CPU
		{EB2A06FA-A7EA-41F9-BE32-D1E4DC0F7698}.Debug|Any CPU.ActiveCfg = Debug|Any CPU
		{EB2A06FA-A7EA-41F9-BE32-D1E4DC0F7698}.Debug|Any CPU.Build.0 = Debug|Any CPU
		{EB2A06FA-A7EA-41F9-BE32-D1E4DC0F7698}.Release|Any CPU.ActiveCfg = Release|Any CPU
		{EB2A06FA-A7EA-41F9-BE32-D1E4DC0F7698}.Release|Any CPU.Build.0 = Release|Any CPU
	EndGlobalSection
	GlobalSection(SolutionProperties) = preSolution
		HideSolutionNode = FALSE
	EndGlobalSection
	GlobalSection(ExtensibilityGlobals) = postSolution
		SolutionGuid = {1EDC904D-0001-4C66-AB30-39DBA66B917C}
	EndGlobalSection
EndGlobal
