
Microsoft Visual Studio Solution File, Format Version 12.00
# Visual Studio Version 16
VisualStudioVersion = 16.0.30204.135
MinimumVisualStudioVersion = 10.0.40219.1
Project("{9A19103F-16F7-4668-BE54-9A1E7A4F7556}") = "TrackerAPI", "TrackerAPI\TrackerAPI.csproj", "{2F518C63-E7AC-4C06-9C87-7145DDD4B9F7}"
EndProject
Project("{9A19103F-16F7-4668-BE54-9A1E7A4F7556}") = "TrackerDB", "TrackerDB\TrackerDB.csproj", "{208166BC-189B-43A8-8325-0C73449535DB}"
EndProject
Project("{FAE04EC0-301F-11D3-BF4B-00C04F79EFBC}") = "TrackerAPI.Tests", "TrackerAPI.Tests\TrackerAPI.Tests.csproj", "{7912AF64-6D46-4C06-9C1E-5BD28F75965A}"
EndProject
Global
	GlobalSection(SolutionConfigurationPlatforms) = preSolution
		Debug|Any CPU = Debug|Any CPU
		Release|Any CPU = Release|Any CPU
	EndGlobalSection
	GlobalSection(ProjectConfigurationPlatforms) = postSolution
		{2F518C63-E7AC-4C06-9C87-7145DDD4B9F7}.Debug|Any CPU.ActiveCfg = Debug|Any CPU
		{2F518C63-E7AC-4C06-9C87-7145DDD4B9F7}.Debug|Any CPU.Build.0 = Debug|Any CPU
		{2F518C63-E7AC-4C06-9C87-7145DDD4B9F7}.Release|Any CPU.ActiveCfg = Release|Any CPU
		{2F518C63-E7AC-4C06-9C87-7145DDD4B9F7}.Release|Any CPU.Build.0 = Release|Any CPU
		{208166BC-189B-43A8-8325-0C73449535DB}.Debug|Any CPU.ActiveCfg = Debug|Any CPU
		{208166BC-189B-43A8-8325-0C73449535DB}.Debug|Any CPU.Build.0 = Debug|Any CPU
		{208166BC-189B-43A8-8325-0C73449535DB}.Release|Any CPU.ActiveCfg = Release|Any CPU
		{208166BC-189B-43A8-8325-0C73449535DB}.Release|Any CPU.Build.0 = Release|Any CPU
		{7912AF64-6D46-4C06-9C1E-5BD28F75965A}.Debug|Any CPU.ActiveCfg = Debug|Any CPU
		{7912AF64-6D46-4C06-9C1E-5BD28F75965A}.Debug|Any CPU.Build.0 = Debug|Any CPU
		{7912AF64-6D46-4C06-9C1E-5BD28F75965A}.Release|Any CPU.ActiveCfg = Release|Any CPU
		{7912AF64-6D46-4C06-9C1E-5BD28F75965A}.Release|Any CPU.Build.0 = Release|Any CPU
	EndGlobalSection
	GlobalSection(SolutionProperties) = preSolution
		HideSolutionNode = FALSE
	EndGlobalSection
	GlobalSection(ExtensibilityGlobals) = postSolution
		SolutionGuid = {7DE229CE-E8FE-4131-898A-867083BD7FF0}
	EndGlobalSection
EndGlobal
